
Microsoft Visual Studio Solution File, Format Version 12.00
# Visual Studio 15
VisualStudioVersion = 15.0.28010.2036
MinimumVisualStudioVersion = 10.0.40219.1
Project("{FAE04EC0-301F-11D3-BF4B-00C04F79EFBC}") = "Astroneer Helper Guide", "Astroneer Helper Guide.csproj", "{A86AA119-9EE6-423F-9ED9-E15FC6B54756}"
EndProject
Global
	GlobalSection(SolutionConfigurationPlatforms) = preSolution
		Debug|Any CPU = Debug|Any CPU
		Release|Any CPU = Release|Any CPU
	EndGlobalSection
	GlobalSection(ProjectConfigurationPlatforms) = postSolution
		{A86AA119-9EE6-423F-9ED9-E15FC6B54756}.Debug|Any CPU.ActiveCfg = Debug|Any CPU
		{A86AA119-9EE6-423F-9ED9-E15FC6B54756}.Debug|Any CPU.Build.0 = Debug|Any CPU
		{A86AA119-9EE6-423F-9ED9-E15FC6B54756}.Release|Any CPU.ActiveCfg = Release|Any CPU
		{A86AA119-9EE6-423F-9ED9-E15FC6B54756}.Release|Any CPU.Build.0 = Release|Any CPU
	EndGlobalSection
	GlobalSection(SolutionProperties) = preSolution
		HideSolutionNode = FALSE
	EndGlobalSection
	GlobalSection(ExtensibilityGlobals) = postSolution
		SolutionGuid = {0B623DB8-A7C6-48B5-8B75-544BCAE0916B}
	EndGlobalSection
EndGlobal
